# This file is automatically @generated by Cargo.
# It is not intended for manual editing.
version = 4

[[package]]
name = "gn_starlark"
version = "0.1.0"

[[patch.unused]]
name = "allocative"
version = "0.3.6"
source = "git+https://github.com/matts1/starlark-rust.git?branch=gn_starlark#c599dd000d7f754cfa68af4bca4a4e2a622c2e1b"

[[patch.unused]]
name = "allocative_derive"
version = "0.3.6"
source = "git+https://github.com/matts1/starlark-rust.git?branch=gn_starlark#c599dd000d7f754cfa68af4bca4a4e2a622c2e1b"

[[patch.unused]]
name = "pagable"
version = "0.4.1"
source = "git+https://github.com/matts1/starlark-rust.git?branch=gn_starlark#c599dd000d7f754cfa68af4bca4a4e2a622c2e1b"

[[patch.unused]]
name = "pagable_derive"
version = "0.4.1"
source = "git+https://github.com/matts1/starlark-rust.git?branch=gn_starlark#c599dd000d7f754cfa68af4bca4a4e2a622c2e1b"

[[patch.unused]]
name = "starlark"
version = "0.14.2"
source = "git+https://github.com/matts1/starlark-rust.git?branch=gn_starlark#c599dd000d7f754cfa68af4bca4a4e2a622c2e1b"

[[patch.unused]]
name = "starlark_derive"
version = "0.14.2"
source = "git+https://github.com/matts1/starlark-rust.git?branch=gn_starlark#c599dd000d7f754cfa68af4bca4a4e2a622c2e1b"

[[patch.unused]]
name = "starlark_map"
version = "0.14.2"
source = "git+https://github.com/matts1/starlark-rust.git?branch=gn_starlark#c599dd000d7f754cfa68af4bca4a4e2a622c2e1b"

[[patch.unused]]
name = "starlark_syntax"
version = "0.14.2"
source = "git+https://github.com/matts1/starlark-rust.git?branch=gn_starlark#c599dd000d7f754cfa68af4bca4a4e2a622c2e1b"
